
Microsoft Visual Studio Solution File, Format Version 12.00
# Visual Studio Version 16
VisualStudioVersion = 16.0.30309.148
MinimumVisualStudioVersion = 10.0.40219.1
Project("{FAE04EC0-301F-11D3-BF4B-00C04F79EFBC}") = "FuzzBoard", "FuzzBoard\FuzzBoard.csproj", "{3D13597A-2015-4E8B-9228-D46A687B5091}"
EndProject
Project("{FAE04EC0-301F-11D3-BF4B-00C04F79EFBC}") = "FuzzBoardWPF", "FuzzBoardWPF\FuzzBoardWPF.csproj", "{420A6BC0-EA92-4C10-974D-A1E8D286777E}"
EndProject
Global
	GlobalSection(SolutionConfigurationPlatforms) = preSolution
		Debug|Any CPU = Debug|Any CPU
		Release|Any CPU = Release|Any CPU
	EndGlobalSection
	GlobalSection(ProjectConfigurationPlatforms) = postSolution
		{3D13597A-2015-4E8B-9228-D46A687B5091}.Debug|Any CPU.ActiveCfg = Debug|Any CPU
		{3D13597A-2015-4E8B-9228-D46A687B5091}.Debug|Any CPU.Build.0 = Debug|Any CPU
		{3D13597A-2015-4E8B-9228-D46A687B5091}.Release|Any CPU.ActiveCfg = Release|Any CPU
		{3D13597A-2015-4E8B-9228-D46A687B5091}.Release|Any CPU.Build.0 = Release|Any CPU
		{420A6BC0-EA92-4C10-974D-A1E8D286777E}.Debug|Any CPU.ActiveCfg = Debug|Any CPU
		{420A6BC0-EA92-4C10-974D-A1E8D286777E}.Debug|Any CPU.Build.0 = Debug|Any CPU
		{420A6BC0-EA92-4C10-974D-A1E8D286777E}.Release|Any CPU.ActiveCfg = Release|Any CPU
		{420A6BC0-EA92-4C10-974D-A1E8D286777E}.Release|Any CPU.Build.0 = Release|Any CPU
	EndGlobalSection
	GlobalSection(SolutionProperties) = preSolution
		HideSolutionNode = FALSE
	EndGlobalSection
	GlobalSection(ExtensibilityGlobals) = postSolution
		SolutionGuid = {2A44DF51-5117-4067-923B-F2058A320DA5}
	EndGlobalSection
EndGlobal
